
Microsoft Visual Studio Solution File, Format Version 12.00
# Visual Studio Version 17
VisualStudioVersion = 17.14.36127.28 d17.14
MinimumVisualStudioVersion = 10.0.40219.1
Project("{FAE04EC0-301F-11D3-BF4B-00C04F79EFBC}") = "Task4_2", "Task4_2\Task4_2.csproj", "{DCAC9295-5F0E-4116-89D8-94B67399B803}"
EndProject
Global
	GlobalSection(SolutionConfigurationPlatforms) = preSolution
		Debug|Any CPU = Debug|Any CPU
		Release|Any CPU = Release|Any CPU
	EndGlobalSection
	GlobalSection(ProjectConfigurationPlatforms) = postSolution
		{DCAC9295-5F0E-4116-89D8-94B67399B803}.Debug|Any CPU.ActiveCfg = Debug|Any CPU
		{DCAC9295-5F0E-4116-89D8-94B67399B803}.Debug|Any CPU.Build.0 = Debug|Any CPU
		{DCAC9295-5F0E-4116-89D8-94B67399B803}.Release|Any CPU.ActiveCfg = Release|Any CPU
		{DCAC9295-5F0E-4116-89D8-94B67399B803}.Release|Any CPU.Build.0 = Release|Any CPU
	EndGlobalSection
	GlobalSection(SolutionProperties) = preSolution
		HideSolutionNode = FALSE
	EndGlobalSection
	GlobalSection(ExtensibilityGlobals) = postSolution
		SolutionGuid = {D0D1CF60-9744-49F5-820A-8BD391476F2C}
	EndGlobalSection
EndGlobal
